
Microsoft Visual Studio Solution File, Format Version 12.00
# Visual Studio Version 16
VisualStudioVersion = 16.0.30002.166
MinimumVisualStudioVersion = 10.0.40219.1
Project("{FAE04EC0-301F-11D3-BF4B-00C04F79EFBC}") = "client2", "client2\client2.csproj", "{99E05C44-EB1B-44BC-9B00-FC57C3E160B0}"
EndProject
Global
	GlobalSection(SolutionConfigurationPlatforms) = preSolution
		Debug|Any CPU = Debug|Any CPU
		Release|Any CPU = Release|Any CPU
	EndGlobalSection
	GlobalSection(ProjectConfigurationPlatforms) = postSolution
		{99E05C44-EB1B-44BC-9B00-FC57C3E160B0}.Debug|Any CPU.ActiveCfg = Debug|Any CPU
		{99E05C44-EB1B-44BC-9B00-FC57C3E160B0}.Debug|Any CPU.Build.0 = Debug|Any CPU
		{99E05C44-EB1B-44BC-9B00-FC57C3E160B0}.Release|Any CPU.ActiveCfg = Release|Any CPU
		{99E05C44-EB1B-44BC-9B00-FC57C3E160B0}.Release|Any CPU.Build.0 = Release|Any CPU
	EndGlobalSection
	GlobalSection(SolutionProperties) = preSolution
		HideSolutionNode = FALSE
	EndGlobalSection
	GlobalSection(ExtensibilityGlobals) = postSolution
		SolutionGuid = {6397242B-CAD3-4D59-8BBA-238F0A2C7F62}
	EndGlobalSection
EndGlobal
