
Microsoft Visual Studio Solution File, Format Version 12.00
# Visual Studio Version 16
VisualStudioVersion = 16.0.30002.166
MinimumVisualStudioVersion = 10.0.40219.1
Project("{FAE04EC0-301F-11D3-BF4B-00C04F79EFBC}") = "client1", "client1\client1.csproj", "{84AE4BA8-BB16-44FE-AD1A-6918DA757908}"
EndProject
Global
	GlobalSection(SolutionConfigurationPlatforms) = preSolution
		Debug|Any CPU = Debug|Any CPU
		Release|Any CPU = Release|Any CPU
	EndGlobalSection
	GlobalSection(ProjectConfigurationPlatforms) = postSolution
		{84AE4BA8-BB16-44FE-AD1A-6918DA757908}.Debug|Any CPU.ActiveCfg = Debug|Any CPU
		{84AE4BA8-BB16-44FE-AD1A-6918DA757908}.Debug|Any CPU.Build.0 = Debug|Any CPU
		{84AE4BA8-BB16-44FE-AD1A-6918DA757908}.Release|Any CPU.ActiveCfg = Release|Any CPU
		{84AE4BA8-BB16-44FE-AD1A-6918DA757908}.Release|Any CPU.Build.0 = Release|Any CPU
	EndGlobalSection
	GlobalSection(SolutionProperties) = preSolution
		HideSolutionNode = FALSE
	EndGlobalSection
	GlobalSection(ExtensibilityGlobals) = postSolution
		SolutionGuid = {2BCE8094-0B47-40C8-B7D9-C0FCB9497633}
	EndGlobalSection
EndGlobal
